// !$*UTF8*$!
{
	archiveVersion = 1;
	classes = {
	};
	objectVersion = 46;
	objects = {

/* Begin PBXBuildFile section */
		2F60523B1BCD16FE00934206 /* MainPageViewController.swift in Sources */ = {isa = PBXBuildFile; fileRef = 2F60523A1BCD16FE00934206 /* MainPageViewController.swift */; settings = {ASSET_TAGS = (); }; };
		2F8DBF511BB02CB000C915D1 /* AppDelegate.swift in Sources */ = {isa = PBXBuildFile; fileRef = 2F8DBF501BB02CB000C915D1 /* AppDelegate.swift */; };
		2F8DBF561BB02CB000C915D1 /* Main.storyboard in Resources */ = {isa = PBXBuildFile; fileRef = 2F8DBF541BB02CB000C915D1 /* Main.storyboard */; };
		2F8DBF581BB02CB100C915D1 /* Assets.xcassets in Resources */ = {isa = PBXBuildFile; fileRef = 2F8DBF571BB02CB100C915D1 /* Assets.xcassets */; };
		2F8DBF5B1BB02CB100C915D1 /* LaunchScreen.storyboard in Resources */ = {isa = PBXBuildFile; fileRef = 2F8DBF591BB02CB100C915D1 /* LaunchScreen.storyboard */; };
		2F8DBF661BB02CB100C915D1 /* AirportsTests.swift in Sources */ = {isa = PBXBuildFile; fileRef = 2F8DBF651BB02CB100C915D1 /* AirportsTests.swift */; };
		2F8DBF711BB02CB100C915D1 /* AirportsUITests.swift in Sources */ = {isa = PBXBuildFile; fileRef = 2F8DBF701BB02CB100C915D1 /* AirportsUITests.swift */; };
		2F8DBF7F1BB02CD300C915D1 /* AirportTableViewController.swift in Sources */ = {isa = PBXBuildFile; fileRef = 2F8DBF7E1BB02CD300C915D1 /* AirportTableViewController.swift */; settings = {ASSET_TAGS = (); }; };
		2F8DBF831BB031B100C915D1 /* AirportDatabaseHelper.swift in Sources */ = {isa = PBXBuildFile; fileRef = 2F8DBF821BB031B100C915D1 /* AirportDatabaseHelper.swift */; settings = {ASSET_TAGS = (); }; };
		2F8DBFB01BB03B4300C915D1 /* libsqlite3.0.tbd in Frameworks */ = {isa = PBXBuildFile; fileRef = 2F8DBFAC1BB039C900C915D1 /* libsqlite3.0.tbd */; };
		2F8DBFB11BB03B4300C915D1 /* libsqlite3.tbd in Frameworks */ = {isa = PBXBuildFile; fileRef = 2F8DBFAD1BB039C900C915D1 /* libsqlite3.tbd */; };
		2F8DBFB61BB0494C00C915D1 /* airports.sqlite in Resources */ = {isa = PBXBuildFile; fileRef = 2F8DBFB51BB0494C00C915D1 /* airports.sqlite */; settings = {ASSET_TAGS = (); }; };
		2F9AF0CE1BBAE14200868261 /* CountryCollectionViewCell.swift in Sources */ = {isa = PBXBuildFile; fileRef = 2F9AF0CD1BBAE14200868261 /* CountryCollectionViewCell.swift */; settings = {ASSET_TAGS = (); }; };
		2FA2C1941BB414F700DACE09 /* MapViewController.swift in Sources */ = {isa = PBXBuildFile; fileRef = 2FA2C1931BB414F700DACE09 /* MapViewController.swift */; settings = {ASSET_TAGS = (); }; };
		2FC147631BC533D8002B99CF /* CountryCodeHeaderView.swift in Sources */ = {isa = PBXBuildFile; fileRef = 2FC147621BC533D8002B99CF /* CountryCodeHeaderView.swift */; settings = {ASSET_TAGS = (); }; };
		2FF5426E1BBADD4000891A2C /* CountryCollectionViewController.swift in Sources */ = {isa = PBXBuildFile; fileRef = 2FF5426D1BBADD4000891A2C /* CountryCollectionViewController.swift */; settings = {ASSET_TAGS = (); }; };
/* End PBXBuildFile section */

/* Begin PBXContainerItemProxy section */
		2F8DBF621BB02CB100C915D1 /* PBXContainerItemProxy */ = {
			isa = PBXContainerItemProxy;
			containerPortal = 2F8DBF451BB02CB000C915D1 /* Project object */;
			proxyType = 1;
			remoteGlobalIDString = 2F8DBF4C1BB02CB000C915D1;
			remoteInfo = Airports;
		};
		2F8DBF6D1BB02CB100C915D1 /* PBXContainerItemProxy */ = {
			isa = PBXContainerItemProxy;
			containerPortal = 2F8DBF451BB02CB000C915D1 /* Project object */;
			proxyType = 1;
			remoteGlobalIDString = 2F8DBF4C1BB02CB000C915D1;
			remoteInfo = Airports;
		};
/* End PBXContainerItemProxy section */

/* Begin PBXFileReference section */
		2F60523A1BCD16FE00934206 /* MainPageViewController.swift */ = {isa = PBXFileReference; fileEncoding = 4; lastKnownFileType = sourcecode.swift; path = MainPageViewController.swift; sourceTree = "<group>"; };
		2F8DBF4D1BB02CB000C915D1 /* Airports.app */ = {isa = PBXFileReference; explicitFileType = wrapper.application; includeInIndex = 0; path = Airports.app; sourceTree = BUILT_PRODUCTS_DIR; };
		2F8DBF501BB02CB000C915D1 /* AppDelegate.swift */ = {isa = PBXFileReference; lastKnownFileType = sourcecode.swift; path = AppDelegate.swift; sourceTree = "<group>"; };
		2F8DBF551BB02CB000C915D1 /* Base */ = {isa = PBXFileReference; lastKnownFileType = file.storyboard; name = Base; path = Base.lproj/Main.storyboard; sourceTree = "<group>"; };
		2F8DBF571BB02CB100C915D1 /* Assets.xcassets */ = {isa = PBXFileReference; lastKnownFileType = folder.assetcatalog; path = Assets.xcassets; sourceTree = "<group>"; };
		2F8DBF5A1BB02CB100C915D1 /* Base */ = {isa = PBXFileReference; lastKnownFileType = file.storyboard; name = Base; path = Base.lproj/LaunchScreen.storyboard; sourceTree = "<group>"; };
		2F8DBF5C1BB02CB100C915D1 /* Info.plist */ = {isa = PBXFileReference; lastKnownFileType = text.plist.xml; path = Info.plist; sourceTree = "<group>"; };
		2F8DBF611BB02CB100C915D1 /* AirportsTests.xctest */ = {isa = PBXFileReference; explicitFileType = wrapper.cfbundle; includeInIndex = 0; path = AirportsTests.xctest; sourceTree = BUILT_PRODUCTS_DIR; };
		2F8DBF651BB02CB100C915D1 /* AirportsTests.swift */ = {isa = PBXFileReference; lastKnownFileType = sourcecode.swift; path = AirportsTests.swift; sourceTree = "<group>"; };
		2F8DBF671BB02CB100C915D1 /* Info.plist */ = {isa = PBXFileReference; lastKnownFileType = text.plist.xml; path = Info.plist; sourceTree = "<group>"; };
		2F8DBF6C1BB02CB100C915D1 /* AirportsUITests.xctest */ = {isa = PBXFileReference; explicitFileType = wrapper.cfbundle; includeInIndex = 0; path = AirportsUITests.xctest; sourceTree = BUILT_PRODUCTS_DIR; };
		2F8DBF701BB02CB100C915D1 /* AirportsUITests.swift */ = {isa = PBXFileReference; lastKnownFileType = sourcecode.swift; path = AirportsUITests.swift; sourceTree = "<group>"; };
		2F8DBF721BB02CB100C915D1 /* Info.plist */ = {isa = PBXFileReference; lastKnownFileType = text.plist.xml; path = Info.plist; sourceTree = "<group>"; };
		2F8DBF7E1BB02CD300C915D1 /* AirportTableViewController.swift */ = {isa = PBXFileReference; fileEncoding = 4; lastKnownFileType = sourcecode.swift; name = AirportTableViewController.swift; path = ../AirportTableViewController.swift; sourceTree = "<group>"; };
		2F8DBF821BB031B100C915D1 /* AirportDatabaseHelper.swift */ = {isa = PBXFileReference; fileEncoding = 4; lastKnownFileType = sourcecode.swift; path = AirportDatabaseHelper.swift; sourceTree = "<group>"; };
		2F8DBFAC1BB039C900C915D1 /* libsqlite3.0.tbd */ = {isa = PBXFileReference; lastKnownFileType = "sourcecode.text-based-dylib-definition"; name = libsqlite3.0.tbd; path = usr/lib/libsqlite3.0.tbd; sourceTree = SDKROOT; };
		2F8DBFAD1BB039C900C915D1 /* libsqlite3.tbd */ = {isa = PBXFileReference; lastKnownFileType = "sourcecode.text-based-dylib-definition"; name = libsqlite3.tbd; path = usr/lib/libsqlite3.tbd; sourceTree = SDKROOT; };
		2F8DBFB31BB03D9800C915D1 /* Airport-Bridging-Header.h */ = {isa = PBXFileReference; lastKnownFileType = sourcecode.c.h; path = "Airport-Bridging-Header.h"; sourceTree = "<group>"; };
		2F8DBFB51BB0494C00C915D1 /* airports.sqlite */ = {isa = PBXFileReference; lastKnownFileType = file; path = airports.sqlite; sourceTree = "<group>"; };
		2F9AF0CD1BBAE14200868261 /* CountryCollectionViewCell.swift */ = {isa = PBXFileReference; fileEncoding = 4; lastKnownFileType = sourcecode.swift; path = CountryCollectionViewCell.swift; sourceTree = "<group>"; };
		2FA2C1931BB414F700DACE09 /* MapViewController.swift */ = {isa = PBXFileReference; fileEncoding = 4; lastKnownFileType = sourcecode.swift; path = MapViewController.swift; sourceTree = "<group>"; };
		2FC147621BC533D8002B99CF /* CountryCodeHeaderView.swift */ = {isa = PBXFileReference; fileEncoding = 4; lastKnownFileType = sourcecode.swift; path = CountryCodeHeaderView.swift; sourceTree = "<group>"; };
		2FF5426D1BBADD4000891A2C /* CountryCollectionViewController.swift */ = {isa = PBXFileReference; fileEncoding = 4; lastKnownFileType = sourcecode.swift; path = CountryCollectionViewController.swift; sourceTree = "<group>"; };
/* End PBXFileReference section */

/* Begin PBXFrameworksBuildPhase section */
		2F8DBF4A1BB02CB000C915D1 /* Frameworks */ = {
			isa = PBXFrameworksBuildPhase;
			buildActionMask = 2147483647;
			files = (
				2F8DBFB01BB03B4300C915D1 /* libsqlite3.0.tbd in Frameworks */,
				2F8DBFB11BB03B4300C915D1 /* libsqlite3.tbd in Frameworks */,
			);
			runOnlyForDeploymentPostprocessing = 0;
		};
		2F8DBF5E1BB02CB100C915D1 /* Frameworks */ = {
			isa = PBXFrameworksBuildPhase;
			buildActionMask = 2147483647;
			files = (
			);
			runOnlyForDeploymentPostprocessing = 0;
		};
		2F8DBF691BB02CB100C915D1 /* Frameworks */ = {
			isa = PBXFrameworksBuildPhase;
			buildActionMask = 2147483647;
			files = (
			);
			runOnlyForDeploymentPostprocessing = 0;
		};
/* End PBXFrameworksBuildPhase section */

/* Begin PBXGroup section */
		2F8DBF441BB02CB000C915D1 = {
			isa = PBXGroup;
			children = (
				2F8DBFAC1BB039C900C915D1 /* libsqlite3.0.tbd */,
				2F8DBFAD1BB039C900C915D1 /* libsqlite3.tbd */,
				2F8DBF4F1BB02CB000C915D1 /* Airports */,
				2F8DBF641BB02CB100C915D1 /* AirportsTests */,
				2F8DBF6F1BB02CB100C915D1 /* AirportsUITests */,
				2F8DBF4E1BB02CB000C915D1 /* Products */,
			);
			sourceTree = "<group>";
		};
		2F8DBF4E1BB02CB000C915D1 /* Products */ = {
			isa = PBXGroup;
			children = (
				2F8DBF4D1BB02CB000C915D1 /* Airports.app */,
				2F8DBF611BB02CB100C915D1 /* AirportsTests.xctest */,
				2F8DBF6C1BB02CB100C915D1 /* AirportsUITests.xctest */,
			);
			name = Products;
			sourceTree = "<group>";
		};
		2F8DBF4F1BB02CB000C915D1 /* Airports */ = {
			isa = PBXGroup;
			children = (
				2F8DBF7E1BB02CD300C915D1 /* AirportTableViewController.swift */,
				2F60523A1BCD16FE00934206 /* MainPageViewController.swift */,
				2F8DBF821BB031B100C915D1 /* AirportDatabaseHelper.swift */,
				2F8DBF501BB02CB000C915D1 /* AppDelegate.swift */,
				2F8DBFB51BB0494C00C915D1 /* airports.sqlite */,
				2F8DBF541BB02CB000C915D1 /* Main.storyboard */,
				2FF5426D1BBADD4000891A2C /* CountryCollectionViewController.swift */,
				2FC147621BC533D8002B99CF /* CountryCodeHeaderView.swift */,
				2F9AF0CD1BBAE14200868261 /* CountryCollectionViewCell.swift */,
				2FA2C1931BB414F700DACE09 /* MapViewController.swift */,
				2F8DBF571BB02CB100C915D1 /* Assets.xcassets */,
				2F8DBF591BB02CB100C915D1 /* LaunchScreen.storyboard */,
				2F8DBF5C1BB02CB100C915D1 /* Info.plist */,
				2F8DBFB31BB03D9800C915D1 /* Airport-Bridging-Header.h */,
			);
			path = Airports;
			sourceTree = "<group>";
		};
		2F8DBF641BB02CB100C915D1 /* AirportsTests */ = {
			isa = PBXGroup;
			children = (
				2F8DBF651BB02CB100C915D1 /* AirportsTests.swift */,
				2F8DBF671BB02CB100C915D1 /* Info.plist */,
			);
			path = AirportsTests;
			sourceTree = "<group>";
		};
		2F8DBF6F1BB02CB100C915D1 /* AirportsUITests */ = {
			isa = PBXGroup;
			children = (
				2F8DBF701BB02CB100C915D1 /* AirportsUITests.swift */,
				2F8DBF721BB02CB100C915D1 /* Info.plist */,
			);
			path = AirportsUITests;
			sourceTree = "<group>";
		};
/* End PBXGroup section */

/* Begin PBXNativeTarget section */
		2F8DBF4C1BB02CB000C915D1 /* Airports */ = {
			isa = PBXNativeTarget;
			buildConfigurationList = 2F8DBF751BB02CB100C915D1 /* Build configuration list for PBXNativeTarget "Airports" */;
			buildPhases = (
				2F8DBF491BB02CB000C915D1 /* Sources */,
				2F8DBF4A1BB02CB000C915D1 /* Frameworks */,
				2F8DBF4B1BB02CB000C915D1 /* Resources */,
			);
			buildRules = (
			);
			dependencies = (
			);
			name = Airports;
			productName = Airports;
			productReference = 2F8DBF4D1BB02CB000C915D1 /* Airports.app */;
			productType = "com.apple.product-type.application";
		};
		2F8DBF601BB02CB100C915D1 /* AirportsTests */ = {
			isa = PBXNativeTarget;
			buildConfigurationList = 2F8DBF781BB02CB100C915D1 /* Build configuration list for PBXNativeTarget "AirportsTests" */;
			buildPhases = (
				2F8DBF5D1BB02CB100C915D1 /* Sources */,
				2F8DBF5E1BB02CB100C915D1 /* Frameworks */,
				2F8DBF5F1BB02CB100C915D1 /* Resources */,
			);
			buildRules = (
			);
			dependencies = (
				2F8DBF631BB02CB100C915D1 /* PBXTargetDependency */,
			);
			name = AirportsTests;
			productName = AirportsTests;
			productReference = 2F8DBF611BB02CB100C915D1 /* AirportsTests.xctest */;
			productType = "com.apple.product-type.bundle.unit-test";
		};
		2F8DBF6B1BB02CB100C915D1 /* AirportsUITests */ = {
			isa = PBXNativeTarget;
			buildConfigurationList = 2F8DBF7B1BB02CB100C915D1 /* Build configuration list for PBXNativeTarget "AirportsUITests" */;
			buildPhases = (
				2F8DBF681BB02CB100C915D1 /* Sources */,
				2F8DBF691BB02CB100C915D1 /* Frameworks */,
				2F8DBF6A1BB02CB100C915D1 /* Resources */,
			);
			buildRules = (
			);
			dependencies = (
				2F8DBF6E1BB02CB100C915D1 /* PBXTargetDependency */,
			);
			name = AirportsUITests;
			productName = AirportsUITests;
			productReference = 2F8DBF6C1BB02CB100C915D1 /* AirportsUITests.xctest */;
			productType = "com.apple.product-type.bundle.ui-testing";
		};
/* End PBXNativeTarget section */

/* Begin PBXProject section */
		2F8DBF451BB02CB000C915D1 /* Project object */ = {
			isa = PBXProject;
			attributes = {
				LastUpgradeCheck = 0700;
				ORGANIZATIONNAME = "Kevin van der Vleuten";
				TargetAttributes = {
					2F8DBF4C1BB02CB000C915D1 = {
						CreatedOnToolsVersion = 7.0;
					};
					2F8DBF601BB02CB100C915D1 = {
						CreatedOnToolsVersion = 7.0;
						TestTargetID = 2F8DBF4C1BB02CB000C915D1;
					};
					2F8DBF6B1BB02CB100C915D1 = {
						CreatedOnToolsVersion = 7.0;
						TestTargetID = 2F8DBF4C1BB02CB000C915D1;
					};
				};
			};
			buildConfigurationList = 2F8DBF481BB02CB000C915D1 /* Build configuration list for PBXProject "Airports" */;
			compatibilityVersion = "Xcode 3.2";
			developmentRegion = English;
			hasScannedForEncodings = 0;
			knownRegions = (
				en,
				Base,
			);
			mainGroup = 2F8DBF441BB02CB000C915D1;
			productRefGroup = 2F8DBF4E1BB02CB000C915D1 /* Products */;
			projectDirPath = "";
			projectRoot = "";
			targets = (
				2F8DBF4C1BB02CB000C915D1 /* Airports */,
				2F8DBF601BB02CB100C915D1 /* AirportsTests */,
				2F8DBF6B1BB02CB100C915D1 /* AirportsUITests */,
			);
		};
/* End PBXProject section */

/* Begin PBXResourcesBuildPhase section */
		2F8DBF4B1BB02CB000C915D1 /* Resources */ = {
			isa = PBXResourcesBuildPhase;
			buildActionMask = 2147483647;
			files = (
				2F8DBF5B1BB02CB100C915D1 /* LaunchScreen.storyboard in Resources */,
				2F8DBF581BB02CB100C915D1 /* Assets.xcassets in Resources */,
				2F8DBF561BB02CB000C915D1 /* Main.storyboard in Resources */,
				2F8DBFB61BB0494C00C915D1 /* airports.sqlite in Resources */,
			);
			runOnlyForDeploymentPostprocessing = 0;
		};
		2F8DBF5F1BB02CB100C915D1 /* Resources */ = {
			isa = PBXResourcesBuildPhase;
			buildActionMask = 2147483647;
			files = (
			);
			runOnlyForDeploymentPostprocessing = 0;
		};
		2F8DBF6A1BB02CB100C915D1 /* Resources */ = {
			isa = PBXResourcesBuildPhase;
			buildActionMask = 2147483647;
			files = (
			);
			runOnlyForDeploymentPostprocessing = 0;
		};
/* End PBXResourcesBuildPhase section */

/* Begin PBXSourcesBuildPhase section */
		2F8DBF491BB02CB000C915D1 /* Sources */ = {
			isa = PBXSourcesBuildPhase;
			buildActionMask = 2147483647;
			files = (
				2F60523B1BCD16FE00934206 /* MainPageViewController.swift in Sources */,
				2FF5426E1BBADD4000891A2C /* CountryCollectionViewController.swift in Sources */,
				2F9AF0CE1BBAE14200868261 /* CountryCollectionViewCell.swift in Sources */,
				2F8DBF7F1BB02CD300C915D1 /* AirportTableViewController.swift in Sources */,
				2FC147631BC533D8002B99CF /* CountryCodeHeaderView.swift in Sources */,
				2F8DBF831BB031B100C915D1 /* AirportDatabaseHelper.swift in Sources */,
				2F8DBF511BB02CB000C915D1 /* AppDelegate.swift in Sources */,
				2FA2C1941BB414F700DACE09 /* MapViewController.swift in Sources */,
			);
			runOnlyForDeploymentPostprocessing = 0;
		};
		2F8DBF5D1BB02CB100C915D1 /* Sources */ = {
			isa = PBXSourcesBuildPhase;
			buildActionMask = 2147483647;
			files = (
				2F8DBF661BB02CB100C915D1 /* AirportsTests.swift in Sources */,
			);
			runOnlyForDeploymentPostprocessing = 0;
		};
		2F8DBF681BB02CB100C915D1 /* Sources */ = {
			isa = PBXSourcesBuildPhase;
			buildActionMask = 2147483647;
			files = (
				2F8DBF711BB02CB100C915D1 /* AirportsUITests.swift in Sources */,
			);
			runOnlyForDeploymentPostprocessing = 0;
		};
/* End PBXSourcesBuildPhase section */

/* Begin PBXTargetDependency section */
		2F8DBF631BB02CB100C915D1 /* PBXTargetDependency */ = {
			isa = PBXTargetDependency;
			target = 2F8DBF4C1BB02CB000C915D1 /* Airports */;
			targetProxy = 2F8DBF621BB02CB100C915D1 /* PBXContainerItemProxy */;
		};
		2F8DBF6E1BB02CB100C915D1 /* PBXTargetDependency */ = {
			isa = PBXTargetDependency;
			target = 2F8DBF4C1BB02CB000C915D1 /* Airports */;
			targetProxy = 2F8DBF6D1BB02CB100C915D1 /* PBXContainerItemProxy */;
		};
/* End PBXTargetDependency section */

/* Begin PBXVariantGroup section */
		2F8DBF541BB02CB000C915D1 /* Main.storyboard */ = {
			isa = PBXVariantGroup;
			children = (
				2F8DBF551BB02CB000C915D1 /* Base */,
			);
			name = Main.storyboard;
			sourceTree = "<group>";
		};
		2F8DBF591BB02CB100C915D1 /* LaunchScreen.storyboard */ = {
			isa = PBXVariantGroup;
			children = (
				2F8DBF5A1BB02CB100C915D1 /* Base */,
			);
			name = LaunchScreen.storyboard;
			sourceTree = "<group>";
		};
/* End PBXVariantGroup section */

/* Begin XCBuildConfiguration section */
		2F8DBF731BB02CB100C915D1 /* Debug */ = {
			isa = XCBuildConfiguration;
			buildSettings = {
				ALWAYS_SEARCH_USER_PATHS = NO;
				CLANG_CXX_LANGUAGE_STANDARD = "gnu++0x";
				CLANG_CXX_LIBRARY = "libc++";
				CLANG_ENABLE_MODULES = YES;
				CLANG_ENABLE_OBJC_ARC = YES;
				CLANG_WARN_BOOL_CONVERSION = YES;
				CLANG_WARN_CONSTANT_CONVERSION = YES;
				CLANG_WARN_DIRECT_OBJC_ISA_USAGE = YES_ERROR;
				CLANG_WARN_EMPTY_BODY = YES;
				CLANG_WARN_ENUM_CONVERSION = YES;
				CLANG_WARN_INT_CONVERSION = YES;
				CLANG_WARN_OBJC_ROOT_CLASS = YES_ERROR;
				CLANG_WARN_UNREACHABLE_CODE = YES;
				CLANG_WARN__DUPLICATE_METHOD_MATCH = YES;
				"CODE_SIGN_IDENTITY[sdk=iphoneos*]" = "iPhone Developer";
				COPY_PHASE_STRIP = NO;
				DEBUG_INFORMATION_FORMAT = dwarf;
				ENABLE_STRICT_OBJC_MSGSEND = YES;
				ENABLE_TESTABILITY = YES;
				GCC_C_LANGUAGE_STANDARD = gnu99;
				GCC_DYNAMIC_NO_PIC = NO;
				GCC_NO_COMMON_BLOCKS = YES;
				GCC_OPTIMIZATION_LEVEL = 0;
				GCC_PREPROCESSOR_DEFINITIONS = (
					"DEBUG=1",
					"$(inherited)",
				);
				GCC_WARN_64_TO_32_BIT_CONVERSION = YES;
				GCC_WARN_ABOUT_RETURN_TYPE = YES_ERROR;
				GCC_WARN_UNDECLARED_SELECTOR = YES;
				GCC_WARN_UNINITIALIZED_AUTOS = YES_AGGRESSIVE;
				GCC_WARN_UNUSED_FUNCTION = YES;
				GCC_WARN_UNUSED_VARIABLE = YES;
				IPHONEOS_DEPLOYMENT_TARGET = 9.0;
				MTL_ENABLE_DEBUG_INFO = YES;
				ONLY_ACTIVE_ARCH = YES;
				SDKROOT = iphoneos;
				SWIFT_OPTIMIZATION_LEVEL = "-Onone";
			};
			name = Debug;
		};
		2F8DBF741BB02CB100C915D1 /* Release */ = {
			isa = XCBuildConfiguration;
			buildSettings = {
				ALWAYS_SEARCH_USER_PATHS = NO;
				CLANG_CXX_LANGUAGE_STANDARD = "gnu++0x";
				CLANG_CXX_LIBRARY = "libc++";
				CLANG_ENABLE_MODULES = YES;
				CLANG_ENABLE_OBJC_ARC = YES;
				CLANG_WARN_BOOL_CONVERSION = YES;
				CLANG_WARN_CONSTANT_CONVERSION = YES;
				CLANG_WARN_DIRECT_OBJC_ISA_USAGE = YES_ERROR;
				CLANG_WARN_EMPTY_BODY = YES;
				CLANG_WARN_ENUM_CONVERSION = YES;
				CLANG_WARN_INT_CONVERSION = YES;
				CLANG_WARN_OBJC_ROOT_CLASS = YES_ERROR;
				CLANG_WARN_UNREACHABLE_CODE = YES;
				CLANG_WARN__DUPLICATE_METHOD_MATCH = YES;
				"CODE_SIGN_IDENTITY[sdk=iphoneos*]" = "iPhone Developer";
				COPY_PHASE_STRIP = NO;
				DEBUG_INFORMATION_FORMAT = "dwarf-with-dsym";
				ENABLE_NS_ASSERTIONS = NO;
				ENABLE_STRICT_OBJC_MSGSEND = YES;
				GCC_C_LANGUAGE_STANDARD = gnu99;
				GCC_NO_COMMON_BLOCKS = YES;
				GCC_WARN_64_TO_32_BIT_CONVERSION = YES;
				GCC_WARN_ABOUT_RETURN_TYPE = YES_ERROR;
				GCC_WARN_UNDECLARED_SELECTOR = YES;
				GCC_WARN_UNINITIALIZED_AUTOS = YES_AGGRESSIVE;
				GCC_WARN_UNUSED_FUNCTION = YES;
				GCC_WARN_UNUSED_VARIABLE = YES;
				IPHONEOS_DEPLOYMENT_TARGET = 9.0;
				MTL_ENABLE_DEBUG_INFO = NO;
				SDKROOT = iphoneos;
				VALIDATE_PRODUCT = YES;
			};
			name = Release;
		};
		2F8DBF761BB02CB100C915D1 /* Debug */ = {
			isa = XCBuildConfiguration;
			buildSettings = {
				ASSETCATALOG_COMPILER_APPICON_NAME = AppIcon;
				INFOPLIST_FILE = Airports/Info.plist;
				LD_RUNPATH_SEARCH_PATHS = "$(inherited) @executable_path/Frameworks";
				PRODUCT_BUNDLE_IDENTIFIER = com.KevinMatsubara.Airports;
				PRODUCT_NAME = "$(TARGET_NAME)";
				"SWIFT_OBJC_BRIDGING_HEADER[arch=*]" = "Airports/Airport-Bridging-Header.h";
			};
			name = Debug;
		};
		2F8DBF771BB02CB100C915D1 /* Release */ = {
			isa = XCBuildConfiguration;
			buildSettings = {
				ASSETCATALOG_COMPILER_APPICON_NAME = AppIcon;
				INFOPLIST_FILE = Airports/Info.plist;
				LD_RUNPATH_SEARCH_PATHS = "$(inherited) @executable_path/Frameworks";
				PRODUCT_BUNDLE_IDENTIFIER = com.KevinMatsubara.Airports;
				PRODUCT_NAME = "$(TARGET_NAME)";
				"SWIFT_OBJC_BRIDGING_HEADER[arch=*]" = "AIrports/Airport-Bridging-Header.h";
			};
			name = Release;
		};
		2F8DBF791BB02CB100C915D1 /* Debug */ = {
			isa = XCBuildConfiguration;
			buildSettings = {
				BUNDLE_LOADER = "$(TEST_HOST)";
				INFOPLIST_FILE = AirportsTests/Info.plist;
				LD_RUNPATH_SEARCH_PATHS = "$(inherited) @executable_path/Frameworks @loader_path/Frameworks";
				PRODUCT_BUNDLE_IDENTIFIER = com.KevinMatsubara.AirportsTests;
				PRODUCT_NAME = "$(TARGET_NAME)";
				TEST_HOST = "$(BUILT_PRODUCTS_DIR)/Airports.app/Airports";
			};
			name = Debug;
		};
		2F8DBF7A1BB02CB100C915D1 /* Release */ = {
			isa = XCBuildConfiguration;
			buildSettings = {
				BUNDLE_LOADER = "$(TEST_HOST)";
				INFOPLIST_FILE = AirportsTests/Info.plist;
				LD_RUNPATH_SEARCH_PATHS = "$(inherited) @executable_path/Frameworks @loader_path/Frameworks";
				PRODUCT_BUNDLE_IDENTIFIER = com.KevinMatsubara.AirportsTests;
				PRODUCT_NAME = "$(TARGET_NAME)";
				TEST_HOST = "$(BUILT_PRODUCTS_DIR)/Airports.app/Airports";
			};
			name = Release;
		};
		2F8DBF7C1BB02CB100C915D1 /* Debug */ = {
			isa = XCBuildConfiguration;
			buildSettings = {
				INFOPLIST_FILE = AirportsUITests/Info.plist;
				LD_RUNPATH_SEARCH_PATHS = "$(inherited) @executable_path/Frameworks @loader_path/Frameworks";
				PRODUCT_BUNDLE_IDENTIFIER = com.KevinMatsubara.AirportsUITests;
				PRODUCT_NAME = "$(TARGET_NAME)";
				TEST_TARGET_NAME = Airports;
				USES_XCTRUNNER = YES;
			};
			name = Debug;
		};
		2F8DBF7D1BB02CB100C915D1 /* Release */ = {
			isa = XCBuildConfiguration;
			buildSettings = {
				INFOPLIST_FILE = AirportsUITests/Info.plist;
				LD_RUNPATH_SEARCH_PATHS = "$(inherited) @executable_path/Frameworks @loader_path/Frameworks";
				PRODUCT_BUNDLE_IDENTIFIER = com.KevinMatsubara.AirportsUITests;
				PRODUCT_NAME = "$(TARGET_NAME)";
				TEST_TARGET_NAME = Airports;
				USES_XCTRUNNER = YES;
			};
			name = Release;
		};
/* End XCBuildConfiguration section */

/* Begin XCConfigurationList section */
		2F8DBF481BB02CB000C915D1 /* Build configuration list for PBXProject "Airports" */ = {
			isa = XCConfigurationList;
			buildConfigurations = (
				2F8DBF731BB02CB100C915D1 /* Debug */,
				2F8DBF741BB02CB100C915D1 /* Release */,
			);
			defaultConfigurationIsVisible = 0;
			defaultConfigurationName = Release;
		};
		2F8DBF751BB02CB100C915D1 /* Build configuration list for PBXNativeTarget "Airports" */ = {
			isa = XCConfigurationList;
			buildConfigurations = (
				2F8DBF761BB02CB100C915D1 /* Debug */,
				2F8DBF771BB02CB100C915D1 /* Release */,
			);
			defaultConfigurationIsVisible = 0;
			defaultConfigurationName = Release;
		};
		2F8DBF781BB02CB100C915D1 /* Build configuration list for PBXNativeTarget "AirportsTests" */ = {
			isa = XCConfigurationList;
			buildConfigurations = (
				2F8DBF791BB02CB100C915D1 /* Debug */,
				2F8DBF7A1BB02CB100C915D1 /* Release */,
			);
			defaultConfigurationIsVisible = 0;
			defaultConfigurationName = Release;
		};
		2F8DBF7B1BB02CB100C915D1 /* Build configuration list for PBXNativeTarget "AirportsUITests" */ = {
			isa = XCConfigurationList;
			buildConfigurations = (
				2F8DBF7C1BB02CB100C915D1 /* Debug */,
				2F8DBF7D1BB02CB100C915D1 /* Release */,
			);
			defaultConfigurationIsVisible = 0;
			defaultConfigurationName = Release;
		};
/* End XCConfigurationList section */
	};
	rootObject = 2F8DBF451BB02CB000C915D1 /* Project object */;
}
